
Microsoft Visual Studio Solution File, Format Version 12.00
# Visual Studio 15
VisualStudioVersion = 15.0.26730.16
MinimumVisualStudioVersion = 10.0.40219.1
Project("{FAE04EC0-301F-11D3-BF4B-00C04F79EFBC}") = "DeveloperDashboard", "DeveloperDashboard\DeveloperDashboard.csproj", "{B516C155-7415-4CEE-9D22-BA86332F47AB}"
EndProject
Global
	GlobalSection(SolutionConfigurationPlatforms) = preSolution
		Debug|Any CPU = Debug|Any CPU
		Release|Any CPU = Release|Any CPU
	EndGlobalSection
	GlobalSection(ProjectConfigurationPlatforms) = postSolution
		{B516C155-7415-4CEE-9D22-BA86332F47AB}.Debug|Any CPU.ActiveCfg = Debug|Any CPU
		{B516C155-7415-4CEE-9D22-BA86332F47AB}.Debug|Any CPU.Build.0 = Debug|Any CPU
		{B516C155-7415-4CEE-9D22-BA86332F47AB}.Release|Any CPU.ActiveCfg = Release|Any CPU
		{B516C155-7415-4CEE-9D22-BA86332F47AB}.Release|Any CPU.Build.0 = Release|Any CPU
	EndGlobalSection
	GlobalSection(SolutionProperties) = preSolution
		HideSolutionNode = FALSE
	EndGlobalSection
	GlobalSection(ExtensibilityGlobals) = postSolution
		SolutionGuid = {E5F6A6D0-4C0E-4929-8C91-01EAC411901F}
	EndGlobalSection
EndGlobal
